// !$*UTF8*$!
{
	archiveVersion = 1;
	classes = {
	};
	objectVersion = 46;
	objects = {

/* Begin PBXBuildFile section */
		2211FF601EE503B8003F9EE8 /* AppDelegate.swift in Sources */ = {isa = PBXBuildFile; fileRef = 2211FF5F1EE503B8003F9EE8 /* AppDelegate.swift */; };
		2211FF621EE503B8003F9EE8 /* ViewController.swift in Sources */ = {isa = PBXBuildFile; fileRef = 2211FF611EE503B8003F9EE8 /* ViewController.swift */; };
		2211FF651EE503B8003F9EE8 /* Main.storyboard in Resources */ = {isa = PBXBuildFile; fileRef = 2211FF631EE503B8003F9EE8 /* Main.storyboard */; };
		2211FF681EE503B8003F9EE8 /* PokeDex.xcdatamodeld in Sources */ = {isa = PBXBuildFile; fileRef = 2211FF661EE503B8003F9EE8 /* PokeDex.xcdatamodeld */; };
		2211FF6A1EE503B8003F9EE8 /* Assets.xcassets in Resources */ = {isa = PBXBuildFile; fileRef = 2211FF691EE503B8003F9EE8 /* Assets.xcassets */; };
		2211FF6D1EE503B8003F9EE8 /* LaunchScreen.storyboard in Resources */ = {isa = PBXBuildFile; fileRef = 2211FF6B1EE503B8003F9EE8 /* LaunchScreen.storyboard */; };
/* End PBXBuildFile section */

/* Begin PBXFileReference section */
		2211FF5C1EE503B8003F9EE8 /* PokeDex.app */ = {isa = PBXFileReference; explicitFileType = wrapper.application; includeInIndex = 0; path = PokeDex.app; sourceTree = BUILT_PRODUCTS_DIR; };
		2211FF5F1EE503B8003F9EE8 /* AppDelegate.swift */ = {isa = PBXFileReference; lastKnownFileType = sourcecode.swift; path = AppDelegate.swift; sourceTree = "<group>"; };
		2211FF611EE503B8003F9EE8 /* ViewController.swift */ = {isa = PBXFileReference; lastKnownFileType = sourcecode.swift; path = ViewController.swift; sourceTree = "<group>"; };
		2211FF641EE503B8003F9EE8 /* Base */ = {isa = PBXFileReference; lastKnownFileType = file.storyboard; name = Base; path = Base.lproj/Main.storyboard; sourceTree = "<group>"; };
		2211FF671EE503B8003F9EE8 /* PokeDex.xcdatamodel */ = {isa = PBXFileReference; lastKnownFileType = wrapper.xcdatamodel; path = PokeDex.xcdatamodel; sourceTree = "<group>"; };
		2211FF691EE503B8003F9EE8 /* Assets.xcassets */ = {isa = PBXFileReference; lastKnownFileType = folder.assetcatalog; path = Assets.xcassets; sourceTree = "<group>"; };
		2211FF6C1EE503B8003F9EE8 /* Base */ = {isa = PBXFileReference; lastKnownFileType = file.storyboard; name = Base; path = Base.lproj/LaunchScreen.storyboard; sourceTree = "<group>"; };
		2211FF6E1EE503B8003F9EE8 /* Info.plist */ = {isa = PBXFileReference; lastKnownFileType = text.plist.xml; path = Info.plist; sourceTree = "<group>"; };
/* End PBXFileReference section */

/* Begin PBXFrameworksBuildPhase section */
		2211FF591EE503B8003F9EE8 /* Frameworks */ = {
			isa = PBXFrameworksBuildPhase;
			buildActionMask = 2147483647;
			files = (
			);
			runOnlyForDeploymentPostprocessing = 0;
		};
/* End PBXFrameworksBuildPhase section */

/* Begin PBXGroup section */
		2211FF531EE503B8003F9EE8 = {
			isa = PBXGroup;
			children = (
				2211FF5E1EE503B8003F9EE8 /* PokeDex */,
				2211FF5D1EE503B8003F9EE8 /* Products */,
			);
			sourceTree = "<group>";
		};
		2211FF5D1EE503B8003F9EE8 /* Products */ = {
			isa = PBXGroup;
			children = (
				2211FF5C1EE503B8003F9EE8 /* PokeDex.app */,
			);
			name = Products;
			sourceTree = "<group>";
		};
		2211FF5E1EE503B8003F9EE8 /* PokeDex */ = {
			isa = PBXGroup;
			children = (
				2211FF5F1EE503B8003F9EE8 /* AppDelegate.swift */,
				2211FF611EE503B8003F9EE8 /* ViewController.swift */,
				2211FF631EE503B8003F9EE8 /* Main.storyboard */,
				2211FF691EE503B8003F9EE8 /* Assets.xcassets */,
				2211FF6B1EE503B8003F9EE8 /* LaunchScreen.storyboard */,
				2211FF6E1EE503B8003F9EE8 /* Info.plist */,
				2211FF661EE503B8003F9EE8 /* PokeDex.xcdatamodeld */,
			);
			path = PokeDex;
			sourceTree = "<group>";
		};
/* End PBXGroup section */

/* Begin PBXNativeTarget section */
		2211FF5B1EE503B8003F9EE8 /* PokeDex */ = {
			isa = PBXNativeTarget;
			buildConfigurationList = 2211FF711EE503B8003F9EE8 /* Build configuration list for PBXNativeTarget "PokeDex" */;
			buildPhases = (
				2211FF581EE503B8003F9EE8 /* Sources */,
				2211FF591EE503B8003F9EE8 /* Frameworks */,
				2211FF5A1EE503B8003F9EE8 /* Resources */,
			);
			buildRules = (
			);
			dependencies = (
			);
			name = PokeDex;
			productName = PokeDex;
			productReference = 2211FF5C1EE503B8003F9EE8 /* PokeDex.app */;
			productType = "com.apple.product-type.application";
		};
/* End PBXNativeTarget section */

/* Begin PBXProject section */
		2211FF541EE503B8003F9EE8 /* Project object */ = {
			isa = PBXProject;
			attributes = {
				LastSwiftUpdateCheck = 0830;
				LastUpgradeCheck = 0830;
				ORGANIZATIONNAME = "MAC OS";
				TargetAttributes = {
					2211FF5B1EE503B8003F9EE8 = {
						CreatedOnToolsVersion = 8.3.2;
						ProvisioningStyle = Automatic;
					};
				};
			};
			buildConfigurationList = 2211FF571EE503B8003F9EE8 /* Build configuration list for PBXProject "PokeDex" */;
			compatibilityVersion = "Xcode 3.2";
			developmentRegion = English;
			hasScannedForEncodings = 0;
			knownRegions = (
				en,
				Base,
			);
			mainGroup = 2211FF531EE503B8003F9EE8;
			productRefGroup = 2211FF5D1EE503B8003F9EE8 /* Products */;
			projectDirPath = "";
			projectRoot = "";
			targets = (
				2211FF5B1EE503B8003F9EE8 /* PokeDex */,
			);
		};
/* End PBXProject section */

/* Begin PBXResourcesBuildPhase section */
		2211FF5A1EE503B8003F9EE8 /* Resources */ = {
			isa = PBXResourcesBuildPhase;
			buildActionMask = 2147483647;
			files = (
				2211FF6D1EE503B8003F9EE8 /* LaunchScreen.storyboard in Resources */,
				2211FF6A1EE503B8003F9EE8 /* Assets.xcassets in Resources */,
				2211FF651EE503B8003F9EE8 /* Main.storyboard in Resources */,
			);
			runOnlyForDeploymentPostprocessing = 0;
		};
/* End PBXResourcesBuildPhase section */

/* Begin PBXSourcesBuildPhase section */
		2211FF581EE503B8003F9EE8 /* Sources */ = {
			isa = PBXSourcesBuildPhase;
			buildActionMask = 2147483647;
			files = (
				2211FF621EE503B8003F9EE8 /* ViewController.swift in Sources */,
				2211FF681EE503B8003F9EE8 /* PokeDex.xcdatamodeld in Sources */,
				2211FF601EE503B8003F9EE8 /* AppDelegate.swift in Sources */,
			);
			runOnlyForDeploymentPostprocessing = 0;
		};
/* End PBXSourcesBuildPhase section */

/* Begin PBXVariantGroup section */
		2211FF631EE503B8003F9EE8 /* Main.storyboard */ = {
			isa = PBXVariantGroup;
			children = (
				2211FF641EE503B8003F9EE8 /* Base */,
			);
			name = Main.storyboard;
			sourceTree = "<group>";
		};
		2211FF6B1EE503B8003F9EE8 /* LaunchScreen.storyboard */ = {
			isa = PBXVariantGroup;
			children = (
				2211FF6C1EE503B8003F9EE8 /* Base */,
			);
			name = LaunchScreen.storyboard;
			sourceTree = "<group>";
		};
/* End PBXVariantGroup section */

/* Begin XCBuildConfiguration section */
		2211FF6F1EE503B8003F9EE8 /* Debug */ = {
			isa = XCBuildConfiguration;
			buildSettings = {
				ALWAYS_SEARCH_USER_PATHS = NO;
				CLANG_ANALYZER_NONNULL = YES;
				CLANG_ANALYZER_NUMBER_OBJECT_CONVERSION = YES_AGGRESSIVE;
				CLANG_CXX_LANGUAGE_STANDARD = "gnu++0x";
				CLANG_CXX_LIBRARY = "libc++";
				CLANG_ENABLE_MODULES = YES;
				CLANG_ENABLE_OBJC_ARC = YES;
				CLANG_WARN_BOOL_CONVERSION = YES;
				CLANG_WARN_CONSTANT_CONVERSION = YES;
				CLANG_WARN_DIRECT_OBJC_ISA_USAGE = YES_ERROR;
				CLANG_WARN_DOCUMENTATION_COMMENTS = YES;
				CLANG_WARN_EMPTY_BODY = YES;
				CLANG_WARN_ENUM_CONVERSION = YES;
				CLANG_WARN_INFINITE_RECURSION = YES;
				CLANG_WARN_INT_CONVERSION = YES;
				CLANG_WARN_OBJC_ROOT_CLASS = YES_ERROR;
				CLANG_WARN_SUSPICIOUS_MOVE = YES;
				CLANG_WARN_UNREACHABLE_CODE = YES;
				CLANG_WARN__DUPLICATE_METHOD_MATCH = YES;
				"CODE_SIGN_IDENTITY[sdk=iphoneos*]" = "iPhone Developer";
				COPY_PHASE_STRIP = NO;
				DEBUG_INFORMATION_FORMAT = dwarf;
				ENABLE_STRICT_OBJC_MSGSEND = YES;
				ENABLE_TESTABILITY = YES;
				GCC_C_LANGUAGE_STANDARD = gnu99;
				GCC_DYNAMIC_NO_PIC = NO;
				GCC_NO_COMMON_BLOCKS = YES;
				GCC_OPTIMIZATION_LEVEL = 0;
				GCC_PREPROCESSOR_DEFINITIONS = (
					"DEBUG=1",
					"$(inherited)",
				);
				GCC_WARN_64_TO_32_BIT_CONVERSION = YES;
				GCC_WARN_ABOUT_RETURN_TYPE = YES_ERROR;
				GCC_WARN_UNDECLARED_SELECTOR = YES;
				GCC_WARN_UNINITIALIZED_AUTOS = YES_AGGRESSIVE;
				GCC_WARN_UNUSED_FUNCTION = YES;
				GCC_WARN_UNUSED_VARIABLE = YES;
				IPHONEOS_DEPLOYMENT_TARGET = 10.3;
				MTL_ENABLE_DEBUG_INFO = YES;
				ONLY_ACTIVE_ARCH = YES;
				SDKROOT = iphoneos;
				SWIFT_ACTIVE_COMPILATION_CONDITIONS = DEBUG;
				SWIFT_OPTIMIZATION_LEVEL = "-Onone";
				TARGETED_DEVICE_FAMILY = "1,2";
			};
			name = Debug;
		};
		2211FF701EE503B8003F9EE8 /* Release */ = {
			isa = XCBuildConfiguration;
			buildSettings = {
				ALWAYS_SEARCH_USER_PATHS = NO;
				CLANG_ANALYZER_NONNULL = YES;
				CLANG_ANALYZER_NUMBER_OBJECT_CONVERSION = YES_AGGRESSIVE;
				CLANG_CXX_LANGUAGE_STANDARD = "gnu++0x";
				CLANG_CXX_LIBRARY = "libc++";
				CLANG_ENABLE_MODULES = YES;
				CLANG_ENABLE_OBJC_ARC = YES;
				CLANG_WARN_BOOL_CONVERSION = YES;
				CLANG_WARN_CONSTANT_CONVERSION = YES;
				CLANG_WARN_DIRECT_OBJC_ISA_USAGE = YES_ERROR;
				CLANG_WARN_DOCUMENTATION_COMMENTS = YES;
				CLANG_WARN_EMPTY_BODY = YES;
				CLANG_WARN_ENUM_CONVERSION = YES;
				CLANG_WARN_INFINITE_RECURSION = YES;
				CLANG_WARN_INT_CONVERSION = YES;
				CLANG_WARN_OBJC_ROOT_CLASS = YES_ERROR;
				CLANG_WARN_SUSPICIOUS_MOVE = YES;
				CLANG_WARN_UNREACHABLE_CODE = YES;
				CLANG_WARN__DUPLICATE_METHOD_MATCH = YES;
				"CODE_SIGN_IDENTITY[sdk=iphoneos*]" = "iPhone Developer";
				COPY_PHASE_STRIP = NO;
				DEBUG_INFORMATION_FORMAT = "dwarf-with-dsym";
				ENABLE_NS_ASSERTIONS = NO;
				ENABLE_STRICT_OBJC_MSGSEND = YES;
				GCC_C_LANGUAGE_STANDARD = gnu99;
				GCC_NO_COMMON_BLOCKS = YES;
				GCC_WARN_64_TO_32_BIT_CONVERSION = YES;
				GCC_WARN_ABOUT_RETURN_TYPE = YES_ERROR;
				GCC_WARN_UNDECLARED_SELECTOR = YES;
				GCC_WARN_UNINITIALIZED_AUTOS = YES_AGGRESSIVE;
				GCC_WARN_UNUSED_FUNCTION = YES;
				GCC_WARN_UNUSED_VARIABLE = YES;
				IPHONEOS_DEPLOYMENT_TARGET = 10.3;
				MTL_ENABLE_DEBUG_INFO = NO;
				SDKROOT = iphoneos;
				SWIFT_OPTIMIZATION_LEVEL = "-Owholemodule";
				TARGETED_DEVICE_FAMILY = "1,2";
				VALIDATE_PRODUCT = YES;
			};
			name = Release;
		};
		2211FF721EE503B8003F9EE8 /* Debug */ = {
			isa = XCBuildConfiguration;
			buildSettings = {
				ASSETCATALOG_COMPILER_APPICON_NAME = AppIcon;
				INFOPLIST_FILE = PokeDex/Info.plist;
				LD_RUNPATH_SEARCH_PATHS = "$(inherited) @executable_path/Frameworks";
				PRODUCT_BUNDLE_IDENTIFIER = vn.xtelsolutions.PokeDex;
				PRODUCT_NAME = "$(TARGET_NAME)";
				SWIFT_VERSION = 3.0;
			};
			name = Debug;
		};
		2211FF731EE503B8003F9EE8 /* Release */ = {
			isa = XCBuildConfiguration;
			buildSettings = {
				ASSETCATALOG_COMPILER_APPICON_NAME = AppIcon;
				INFOPLIST_FILE = PokeDex/Info.plist;
				LD_RUNPATH_SEARCH_PATHS = "$(inherited) @executable_path/Frameworks";
				PRODUCT_BUNDLE_IDENTIFIER = vn.xtelsolutions.PokeDex;
				PRODUCT_NAME = "$(TARGET_NAME)";
				SWIFT_VERSION = 3.0;
			};
			name = Release;
		};
/* End XCBuildConfiguration section */

/* Begin XCConfigurationList section */
		2211FF571EE503B8003F9EE8 /* Build configuration list for PBXProject "PokeDex" */ = {
			isa = XCConfigurationList;
			buildConfigurations = (
				2211FF6F1EE503B8003F9EE8 /* Debug */,
				2211FF701EE503B8003F9EE8 /* Release */,
			);
			defaultConfigurationIsVisible = 0;
			defaultConfigurationName = Release;
		};
		2211FF711EE503B8003F9EE8 /* Build configuration list for PBXNativeTarget "PokeDex" */ = {
			isa = XCConfigurationList;
			buildConfigurations = (
				2211FF721EE503B8003F9EE8 /* Debug */,
				2211FF731EE503B8003F9EE8 /* Release */,
			);
			defaultConfigurationIsVisible = 0;
		};
/* End XCConfigurationList section */

/* Begin XCVersionGroup section */
		2211FF661EE503B8003F9EE8 /* PokeDex.xcdatamodeld */ = {
			isa = XCVersionGroup;
			children = (
				2211FF671EE503B8003F9EE8 /* PokeDex.xcdatamodel */,
			);
			currentVersion = 2211FF671EE503B8003F9EE8 /* PokeDex.xcdatamodel */;
			path = PokeDex.xcdatamodeld;
			sourceTree = "<group>";
			versionGroupType = wrapper.xcdatamodel;
		};
/* End XCVersionGroup section */
	};
	rootObject = 2211FF541EE503B8003F9EE8 /* Project object */;
}
